
Microsoft Visual Studio Solution File, Format Version 12.00
# Visual Studio Version 17
VisualStudioVersion = 17.11.35222.181
MinimumVisualStudioVersion = 10.0.40219.1
Project("{FAE04EC0-301F-11D3-BF4B-00C04F79EFBC}") = "ProductAPI.Application", "ProductAPI.Application\ProductAPI.Application.csproj", "{BBFEEBD6-5F61-48C1-9EB8-D28776489409}"
EndProject
Project("{FAE04EC0-301F-11D3-BF4B-00C04F79EFBC}") = "ProductAPI.Domain", "ProductAPI.Domain\ProductAPI.Domain.csproj", "{9B145F06-3F5D-46BA-A0C4-86885B466AFF}"
EndProject
Project("{FAE04EC0-301F-11D3-BF4B-00C04F79EFBC}") = "ProductAPI.Infrastructure", "ProductAPI.Infrastructure\ProductAPI.Infrastructure.csproj", "{1AB5EEAC-32ED-483B-AC67-14690D37B11C}"
EndProject
Project("{FAE04EC0-301F-11D3-BF4B-00C04F79EFBC}") = "ProductAPI.Host", "ProductAPI.Host\ProductAPI.Host.csproj", "{E5D5ACBF-CCEA-48A0-977D-95896A5AC105}"
EndProject
Project("{9A19103F-16F7-4668-BE54-9A1E7A4F7556}") = "eCommerce.SharedLibrary", "..\ECommerce.Shared\eCommerce.SharedLibrary\eCommerce.SharedLibrary.csproj", "{C5379EBD-6B73-4261-B50F-C2C2D8BFC2B3}"
EndProject
Global
	GlobalSection(SolutionConfigurationPlatforms) = preSolution
		Debug|Any CPU = Debug|Any CPU
		Release|Any CPU = Release|Any CPU
	EndGlobalSection
	GlobalSection(ProjectConfigurationPlatforms) = postSolution
		{BBFEEBD6-5F61-48C1-9EB8-D28776489409}.Debug|Any CPU.ActiveCfg = Debug|Any CPU
		{BBFEEBD6-5F61-48C1-9EB8-D28776489409}.Debug|Any CPU.Build.0 = Debug|Any CPU
		{BBFEEBD6-5F61-48C1-9EB8-D28776489409}.Release|Any CPU.ActiveCfg = Release|Any CPU
		{BBFEEBD6-5F61-48C1-9EB8-D28776489409}.Release|Any CPU.Build.0 = Release|Any CPU
		{9B145F06-3F5D-46BA-A0C4-86885B466AFF}.Debug|Any CPU.ActiveCfg = Debug|Any CPU
		{9B145F06-3F5D-46BA-A0C4-86885B466AFF}.Debug|Any CPU.Build.0 = Debug|Any CPU
		{9B145F06-3F5D-46BA-A0C4-86885B466AFF}.Release|Any CPU.ActiveCfg = Release|Any CPU
		{9B145F06-3F5D-46BA-A0C4-86885B466AFF}.Release|Any CPU.Build.0 = Release|Any CPU
		{1AB5EEAC-32ED-483B-AC67-14690D37B11C}.Debug|Any CPU.ActiveCfg = Debug|Any CPU
		{1AB5EEAC-32ED-483B-AC67-14690D37B11C}.Debug|Any CPU.Build.0 = Debug|Any CPU
		{1AB5EEAC-32ED-483B-AC67-14690D37B11C}.Release|Any CPU.ActiveCfg = Release|Any CPU
		{1AB5EEAC-32ED-483B-AC67-14690D37B11C}.Release|Any CPU.Build.0 = Release|Any CPU
		{E5D5ACBF-CCEA-48A0-977D-95896A5AC105}.Debug|Any CPU.ActiveCfg = Debug|Any CPU
		{E5D5ACBF-CCEA-48A0-977D-95896A5AC105}.Debug|Any CPU.Build.0 = Debug|Any CPU
		{E5D5ACBF-CCEA-48A0-977D-95896A5AC105}.Release|Any CPU.ActiveCfg = Release|Any CPU
		{E5D5ACBF-CCEA-48A0-977D-95896A5AC105}.Release|Any CPU.Build.0 = Release|Any CPU
		{C5379EBD-6B73-4261-B50F-C2C2D8BFC2B3}.Debug|Any CPU.ActiveCfg = Debug|Any CPU
		{C5379EBD-6B73-4261-B50F-C2C2D8BFC2B3}.Debug|Any CPU.Build.0 = Debug|Any CPU
		{C5379EBD-6B73-4261-B50F-C2C2D8BFC2B3}.Release|Any CPU.ActiveCfg = Release|Any CPU
		{C5379EBD-6B73-4261-B50F-C2C2D8BFC2B3}.Release|Any CPU.Build.0 = Release|Any CPU
	EndGlobalSection
	GlobalSection(SolutionProperties) = preSolution
		HideSolutionNode = FALSE
	EndGlobalSection
	GlobalSection(ExtensibilityGlobals) = postSolution
		SolutionGuid = {6C79B209-A83D-4692-AA67-62CA50F49793}
	EndGlobalSection
EndGlobal
