
Microsoft Visual Studio Solution File, Format Version 12.00
# Visual Studio Version 17
VisualStudioVersion = 17.11.35222.181
MinimumVisualStudioVersion = 10.0.40219.1
Project("{FAE04EC0-301F-11D3-BF4B-00C04F79EFBC}") = "eCommerce.SharedLibrary", "eCommerce.SharedLibrary\eCommerce.SharedLibrary.csproj", "{FD500FCF-B590-47E1-9013-3686E8A154A1}"
EndProject
Global
	GlobalSection(SolutionConfigurationPlatforms) = preSolution
		Debug|Any CPU = Debug|Any CPU
		Release|Any CPU = Release|Any CPU
	EndGlobalSection
	GlobalSection(ProjectConfigurationPlatforms) = postSolution
		{FD500FCF-B590-47E1-9013-3686E8A154A1}.Debug|Any CPU.ActiveCfg = Debug|Any CPU
		{FD500FCF-B590-47E1-9013-3686E8A154A1}.Debug|Any CPU.Build.0 = Debug|Any CPU
		{FD500FCF-B590-47E1-9013-3686E8A154A1}.Release|Any CPU.ActiveCfg = Release|Any CPU
		{FD500FCF-B590-47E1-9013-3686E8A154A1}.Release|Any CPU.Build.0 = Release|Any CPU
	EndGlobalSection
	GlobalSection(SolutionProperties) = preSolution
		HideSolutionNode = FALSE
	EndGlobalSection
	GlobalSection(ExtensibilityGlobals) = postSolution
		SolutionGuid = {BE093066-9C87-4AD9-BC66-6187F99BEA3E}
	EndGlobalSection
EndGlobal
