
Microsoft Visual Studio Solution File, Format Version 12.00
# Visual Studio Version 17
VisualStudioVersion = 17.11.35222.181
MinimumVisualStudioVersion = 10.0.40219.1
Project("{FAE04EC0-301F-11D3-BF4B-00C04F79EFBC}") = "Domain", "Domain\Domain.csproj", "{306C2025-0B35-4A9D-82CE-533A992FA922}"
EndProject
Project("{FAE04EC0-301F-11D3-BF4B-00C04F79EFBC}") = "Application", "Application\Application.csproj", "{D37DE00A-FB0D-4A76-9DF1-1D00C9A2B4A9}"
EndProject
Project("{FAE04EC0-301F-11D3-BF4B-00C04F79EFBC}") = "Infrastructure", "Infrastructure\Infrastructure.csproj", "{A47295E7-3EE7-428E-93BF-730D95E04240}"
EndProject
Project("{FAE04EC0-301F-11D3-BF4B-00C04F79EFBC}") = "Host", "Host\Host.csproj", "{E8D5DB5D-4A73-4DC3-BA48-0B674075DDC7}"
EndProject
Project("{9A19103F-16F7-4668-BE54-9A1E7A4F7556}") = "eCommerce.SharedLibrary", "..\ECommerce.Shared\eCommerce.SharedLibrary\eCommerce.SharedLibrary.csproj", "{D005BBA7-42C2-4DDC-97BC-787F5CD9CC13}"
EndProject
Global
	GlobalSection(SolutionConfigurationPlatforms) = preSolution
		Debug|Any CPU = Debug|Any CPU
		Release|Any CPU = Release|Any CPU
	EndGlobalSection
	GlobalSection(ProjectConfigurationPlatforms) = postSolution
		{306C2025-0B35-4A9D-82CE-533A992FA922}.Debug|Any CPU.ActiveCfg = Debug|Any CPU
		{306C2025-0B35-4A9D-82CE-533A992FA922}.Debug|Any CPU.Build.0 = Debug|Any CPU
		{306C2025-0B35-4A9D-82CE-533A992FA922}.Release|Any CPU.ActiveCfg = Release|Any CPU
		{306C2025-0B35-4A9D-82CE-533A992FA922}.Release|Any CPU.Build.0 = Release|Any CPU
		{D37DE00A-FB0D-4A76-9DF1-1D00C9A2B4A9}.Debug|Any CPU.ActiveCfg = Debug|Any CPU
		{D37DE00A-FB0D-4A76-9DF1-1D00C9A2B4A9}.Debug|Any CPU.Build.0 = Debug|Any CPU
		{D37DE00A-FB0D-4A76-9DF1-1D00C9A2B4A9}.Release|Any CPU.ActiveCfg = Release|Any CPU
		{D37DE00A-FB0D-4A76-9DF1-1D00C9A2B4A9}.Release|Any CPU.Build.0 = Release|Any CPU
		{A47295E7-3EE7-428E-93BF-730D95E04240}.Debug|Any CPU.ActiveCfg = Debug|Any CPU
		{A47295E7-3EE7-428E-93BF-730D95E04240}.Debug|Any CPU.Build.0 = Debug|Any CPU
		{A47295E7-3EE7-428E-93BF-730D95E04240}.Release|Any CPU.ActiveCfg = Release|Any CPU
		{A47295E7-3EE7-428E-93BF-730D95E04240}.Release|Any CPU.Build.0 = Release|Any CPU
		{E8D5DB5D-4A73-4DC3-BA48-0B674075DDC7}.Debug|Any CPU.ActiveCfg = Debug|Any CPU
		{E8D5DB5D-4A73-4DC3-BA48-0B674075DDC7}.Debug|Any CPU.Build.0 = Debug|Any CPU
		{E8D5DB5D-4A73-4DC3-BA48-0B674075DDC7}.Release|Any CPU.ActiveCfg = Release|Any CPU
		{E8D5DB5D-4A73-4DC3-BA48-0B674075DDC7}.Release|Any CPU.Build.0 = Release|Any CPU
		{D005BBA7-42C2-4DDC-97BC-787F5CD9CC13}.Debug|Any CPU.ActiveCfg = Debug|Any CPU
		{D005BBA7-42C2-4DDC-97BC-787F5CD9CC13}.Debug|Any CPU.Build.0 = Debug|Any CPU
		{D005BBA7-42C2-4DDC-97BC-787F5CD9CC13}.Release|Any CPU.ActiveCfg = Release|Any CPU
		{D005BBA7-42C2-4DDC-97BC-787F5CD9CC13}.Release|Any CPU.Build.0 = Release|Any CPU
	EndGlobalSection
	GlobalSection(SolutionProperties) = preSolution
		HideSolutionNode = FALSE
	EndGlobalSection
	GlobalSection(ExtensibilityGlobals) = postSolution
		SolutionGuid = {1AFF912F-1E13-4B8D-B0C1-9FE9C7664B1A}
	EndGlobalSection
EndGlobal
